
Microsoft Visual Studio Solution File, Format Version 12.00
# Visual Studio 14
VisualStudioVersion = 14.0.25420.1
MinimumVisualStudioVersion = 10.0.40219.1
Project("{FAE04EC0-301F-11D3-BF4B-00C04F79EFBC}") = "PassRegistration", "PassRegistration\PassRegistration.csproj", "{D2FC5316-E9C5-4597-9CEF-BBD9304F2656}"
EndProject
Global
	GlobalSection(SolutionConfigurationPlatforms) = preSolution
		Debug|Any CPU = Debug|Any CPU
		Release|Any CPU = Release|Any CPU
	EndGlobalSection
	GlobalSection(ProjectConfigurationPlatforms) = postSolution
		{D2FC5316-E9C5-4597-9CEF-BBD9304F2656}.Debug|Any CPU.ActiveCfg = Debug|Any CPU
		{D2FC5316-E9C5-4597-9CEF-BBD9304F2656}.Debug|Any CPU.Build.0 = Debug|Any CPU
		{D2FC5316-E9C5-4597-9CEF-BBD9304F2656}.Release|Any CPU.ActiveCfg = Release|Any CPU
		{D2FC5316-E9C5-4597-9CEF-BBD9304F2656}.Release|Any CPU.Build.0 = Release|Any CPU
	EndGlobalSection
	GlobalSection(SolutionProperties) = preSolution
		HideSolutionNode = FALSE
	EndGlobalSection
	GlobalSection(ExtensibilityGlobals) = postSolution
		SolutionGuid = {1BDDB21E-6B35-4A62-BBAE-BFC530DEC6D9}
	EndGlobalSection
EndGlobal
